
Microsoft Visual Studio Solution File, Format Version 12.00
# Visual Studio Version 17
VisualStudioVersion = 17.8.34330.188
MinimumVisualStudioVersion = 10.0.40219.1
Project("{FAE04EC0-301F-11D3-BF4B-00C04F79EFBC}") = "BlazorWebApp", "BlazorWebApp.csproj", "{0A885F10-5BA7-4044-B586-F9807056EC8B}"
EndProject
Global
	GlobalSection(SolutionConfigurationPlatforms) = preSolution
		Debug|Any CPU = Debug|Any CPU
		Release|Any CPU = Release|Any CPU
	EndGlobalSection
	GlobalSection(ProjectConfigurationPlatforms) = postSolution
		{0A885F10-5BA7-4044-B586-F9807056EC8B}.Debug|Any CPU.ActiveCfg = Debug|Any CPU
		{0A885F10-5BA7-4044-B586-F9807056EC8B}.Debug|Any CPU.Build.0 = Debug|Any CPU
		{0A885F10-5BA7-4044-B586-F9807056EC8B}.Release|Any CPU.ActiveCfg = Release|Any CPU
		{0A885F10-5BA7-4044-B586-F9807056EC8B}.Release|Any CPU.Build.0 = Release|Any CPU
	EndGlobalSection
	GlobalSection(SolutionProperties) = preSolution
		HideSolutionNode = FALSE
	EndGlobalSection
	GlobalSection(ExtensibilityGlobals) = postSolution
		SolutionGuid = {80D36586-48F4-4917-A453-5DD571058068}
	EndGlobalSection
EndGlobal
